Microsoft Visual Studio Solution File, Format Version 12.00
# Visual Studio Version 17
VisualStudioVersion = 17.12.35410.144
MinimumVisualStudioVersion = 10.0.40219.1
Project("{FAE04EC0-301F-11D3-BF4B-00C04F79EFBC}") = "Tripex", "Tripex\Tripex.csproj", "{A8AFFB97-0FEE-4DC8-BB62-45824E1EDC96}"
EndProject
Project("{FAE04EC0-301F-11D3-BF4B-00C04F79EFBC}") = "Tripex.XTests", "Tripex.XTests\Tripex.XTests.csproj", "{1143C93C-16CD-46A1-9581-D3985F63683C}"
EndProject
Project("{FAE04EC0-301F-11D3-BF4B-00C04F79EFBC}") = "Tripex.Core", "Tripex.Core\Tripex.Core.csproj", "{175BE31E-D048-45CB-984F-2B3DB3DF4E5F}"
EndProject
Project("{FAE04EC0-301F-11D3-BF4B-00C04F79EFBC}") = "Tripex.Infrastructure", "Tripex.Infrastructure\Tripex.Infrastructure.csproj", "{5A987960-024D-47D3-B9DD-D56C2E3DD708}"
EndProject
Project("{FAE04EC0-301F-11D3-BF4B-00C04F79EFBC}") = "Tripex.Application", "TripexApplication\Tripex.Application.csproj", "{A7006C06-1154-41D2-8A51-A8A95F196863}"
EndProject
Project("{2150E333-8FDC-42A3-9474-1A3956D46DE8}") = "Services", "Services", "{B4695EAB-3A44-4FBE-B291-362FAE76AF49}"
	ProjectSection(SolutionItems) = preProject
		Services\docker-compose.yml = Services\docker-compose.yml
	EndProjectSection
EndProject
Project("{2150E333-8FDC-42A3-9474-1A3956D46DE8}") = "Auth", "Auth", "{A2D2A78C-DB34-4A1D-8798-A55531B20E74}"
EndProject
Project("{FAE04EC0-301F-11D3-BF4B-00C04F79EFBC}") = "Auth.API", "Services\Auth\Auth.API\Auth.API.csproj", "{7B684357-2CE6-46FF-9430-4208376E7848}"
EndProject
Project("{2150E333-8FDC-42A3-9474-1A3956D46DE8}") = "BuildingBlocks", "BuildingBlocks", "{37039373-F96A-4739-ADC6-6D8D30CEE274}"
EndProject
Project("{FAE04EC0-301F-11D3-BF4B-00C04F79EFBC}") = "BuildingBlocks", "BuildingBlocks\BuildingBlocks\BuildingBlocks.csproj", "{DB33B4E3-0207-4CB2-8186-C30F0FFA219B}"
EndProject
Project("{FAE04EC0-301F-11D3-BF4B-00C04F79EFBC}") = "BuildingBlocks.Messaging", "BuildingBlocks\BuildingBlocks.Messaging\BuildingBlocks.Messaging.csproj", "{E0159114-7635-4562-997B-F0662592D7BF}"
EndProject
Project("{2150E333-8FDC-42A3-9474-1A3956D46DE8}") = "Profiles", "Profiles", "{FA25AF7D-23A2-4DD2-A149-90691CF76A76}"
EndProject
Project("{FAE04EC0-301F-11D3-BF4B-00C04F79EFBC}") = "Profiles.API", "Services\Profiles\Profiles.API\Profiles.API.csproj", "{4ECD5240-8836-46BF-BA7F-C9A51911B6BD}"
EndProject
Project("{FAE04EC0-301F-11D3-BF4B-00C04F79EFBC}") = "Profiles.Domain", "Services\Profiles\Profiles.Domain\Profiles.Domain.csproj", "{0231D7BB-3235-49DA-8E0D-3AB19CB11858}"
EndProject
Project("{FAE04EC0-301F-11D3-BF4B-00C04F79EFBC}") = "Profiles.Application", "Services\Profiles\Profiles.Application\Profiles.Application.csproj", "{16755256-F8F5-400C-AA1A-C5C3BBC471C2}"
EndProject
Project("{FAE04EC0-301F-11D3-BF4B-00C04F79EFBC}") = "Profiles.Infrastructure", "Services\Profiles\Profiles.Infrastructure\Profiles.Infrastructure.csproj", "{43A55169-EAB6-4099-8150-3B518138E0E6}"
EndProject
Global
	GlobalSection(SolutionConfigurationPlatforms) = preSolution
		Debug|Any CPU = Debug|Any CPU
		Release|Any CPU = Release|Any CPU
	EndGlobalSection
	GlobalSection(ProjectConfigurationPlatforms) = postSolution
		{DB33B4E3-0207-4CB2-8186-C30F0FFA219B}.Debug|Any CPU.ActiveCfg = Debug|Any CPU
		{DB33B4E3-0207-4CB2-8186-C30F0FFA219B}.Debug|Any CPU.Build.0 = Debug|Any CPU
		{DB33B4E3-0207-4CB2-8186-C30F0FFA219B}.Release|Any CPU.ActiveCfg = Release|Any CPU
		{DB33B4E3-0207-4CB2-8186-C30F0FFA219B}.Release|Any CPU.Build.0 = Release|Any CPU
		{E0159114-7635-4562-997B-F0662592D7BF}.Debug|Any CPU.ActiveCfg = Debug|Any CPU
		{E0159114-7635-4562-997B-F0662592D7BF}.Debug|Any CPU.Build.0 = Debug|Any CPU
		{E0159114-7635-4562-997B-F0662592D7BF}.Release|Any CPU.ActiveCfg = Release|Any CPU
		{E0159114-7635-4562-997B-F0662592D7BF}.Release|Any CPU.Build.0 = Release|Any CPU
	EndGlobalSection
	GlobalSection(SolutionProperties) = preSolution
		HideSolutionNode = FALSE
	EndGlobalSection
	GlobalSection(NestedProjects) = preSolution
		{A2D2A78C-DB34-4A1D-8798-A55531B20E74} = {B4695EAB-3A44-4FBE-B291-362FAE76AF49}
		{7B684357-2CE6-46FF-9430-4208376E7848} = {A2D2A78C-DB34-4A1D-8798-A55531B20E74}
		{DB33B4E3-0207-4CB2-8186-C30F0FFA219B} = {37039373-F96A-4739-ADC6-6D8D30CEE274}
		{E0159114-7635-4562-997B-F0662592D7BF} = {37039373-F96A-4739-ADC6-6D8D30CEE274}
	EndGlobalSection
EndGlobal
